
Microsoft Visual Studio Solution File, Format Version 12.00
# Visual Studio Version 16
VisualStudioVersion = 16.0.31729.503
MinimumVisualStudioVersion = 10.0.40219.1
Project("{FAE04EC0-301F-11D3-BF4B-00C04F79EFBC}") = "EmployeePayroll", "EmployeePayroll\EmployeePayroll.csproj", "{5BBB4134-D7DA-44C7-B580-CE595029E2CE}"
EndProject
Project("{FAE04EC0-301F-11D3-BF4B-00C04F79EFBC}") = "EmployeePayrollTest", "EmployeePayrollTest\EmployeePayrollTest.csproj", "{8ED51321-E8E9-4D0D-9086-E1FA07EF9130}"
EndProject
Global
	GlobalSection(SolutionConfigurationPlatforms) = preSolution
		Debug|Any CPU = Debug|Any CPU
		Release|Any CPU = Release|Any CPU
	EndGlobalSection
	GlobalSection(ProjectConfigurationPlatforms) = postSolution
		{5BBB4134-D7DA-44C7-B580-CE595029E2CE}.Debug|Any CPU.ActiveCfg = Debug|Any CPU
		{5BBB4134-D7DA-44C7-B580-CE595029E2CE}.Debug|Any CPU.Build.0 = Debug|Any CPU
		{5BBB4134-D7DA-44C7-B580-CE595029E2CE}.Release|Any CPU.ActiveCfg = Release|Any CPU
		{5BBB4134-D7DA-44C7-B580-CE595029E2CE}.Release|Any CPU.Build.0 = Release|Any CPU
		{8ED51321-E8E9-4D0D-9086-E1FA07EF9130}.Debug|Any CPU.ActiveCfg = Debug|Any CPU
		{8ED51321-E8E9-4D0D-9086-E1FA07EF9130}.Debug|Any CPU.Build.0 = Debug|Any CPU
		{8ED51321-E8E9-4D0D-9086-E1FA07EF9130}.Release|Any CPU.ActiveCfg = Release|Any CPU
		{8ED51321-E8E9-4D0D-9086-E1FA07EF9130}.Release|Any CPU.Build.0 = Release|Any CPU
	EndGlobalSection
	GlobalSection(SolutionProperties) = preSolution
		HideSolutionNode = FALSE
	EndGlobalSection
	GlobalSection(ExtensibilityGlobals) = postSolution
		SolutionGuid = {5A2C163E-B715-4C46-8503-B913E9E0DC8E}
	EndGlobalSection
EndGlobal
